{
  "originHash" : "f4269095db2e2182df4166bf8e767877c10cf18e8bd62b1a16c6e2ca30571739",
  "pins" : [
    {
      "identity" : "ios-pawns-sdk",
      "kind" : "remoteSourceControl",
      "location" : "https://github.com/pawns-app/ios-pawns-sdk",
      "state" : {
        "revision" : "e61b45a7cf7034fea03dfa8749acc1f15ce3edc6",
        "version" : "0.0.3"
      }
    }
  ],
  "version" : 3
}
