// !$*UTF8*$!
{
	archiveVersion = 1;
	classes = {
	};
	objectVersion = 60;
	objects = {

/* Begin PBXBuildFile section */
		C02AB00C2C64EC76009AD868 /* Pawns in Frameworks */ = {isa = PBXBuildFile; productRef = C02AB00B2C64EC76009AD868 /* Pawns */; };
		C0703D572CF46F9300A992AA /* Pawns in Frameworks */ = {isa = PBXBuildFile; productRef = C0703D562CF46F9300A992AA /* Pawns */; };
		C07ABA442C6399C3008B1B6D /* Pawns in Frameworks */ = {isa = PBXBuildFile; productRef = C07ABA432C6399C3008B1B6D /* Pawns */; };
		C098BD7D2C53A242009E9E01 /* App.swift in Sources */ = {isa = PBXBuildFile; fileRef = C098BD7C2C53A242009E9E01 /* App.swift */; };
		C098BD7F2C53A242009E9E01 /* ContentView.swift in Sources */ = {isa = PBXBuildFile; fileRef = C098BD7E2C53A242009E9E01 /* ContentView.swift */; };
		C098BD812C53A243009E9E01 /* Assets.xcassets in Resources */ = {isa = PBXBuildFile; fileRef = C098BD802C53A243009E9E01 /* Assets.xcassets */; };
		C098BD842C53A243009E9E01 /* Preview Assets.xcassets in Resources */ = {isa = PBXBuildFile; fileRef = C098BD832C53A243009E9E01 /* Preview Assets.xcassets */; };
		C098BD8C2C53A28E009E9E01 /* Pawns in Frameworks */ = {isa = PBXBuildFile; productRef = C098BD8B2C53A28E009E9E01 /* Pawns */; };
/* End PBXBuildFile section */

/* Begin PBXFileReference section */
		C098BD792C53A242009E9E01 /* ios-pawns-sdk-demo.app */ = {isa = PBXFileReference; explicitFileType = wrapper.application; includeInIndex = 0; path = "ios-pawns-sdk-demo.app"; sourceTree = BUILT_PRODUCTS_DIR; };
		C098BD7C2C53A242009E9E01 /* App.swift */ = {isa = PBXFileReference; lastKnownFileType = sourcecode.swift; path = App.swift; sourceTree = "<group>"; };
		C098BD7E2C53A242009E9E01 /* ContentView.swift */ = {isa = PBXFileReference; lastKnownFileType = sourcecode.swift; path = ContentView.swift; sourceTree = "<group>"; };
		C098BD802C53A243009E9E01 /* Assets.xcassets */ = {isa = PBXFileReference; lastKnownFileType = folder.assetcatalog; path = Assets.xcassets; sourceTree = "<group>"; };
		C098BD832C53A243009E9E01 /* Preview Assets.xcassets */ = {isa = PBXFileReference; lastKnownFileType = folder.assetcatalog; path = "Preview Assets.xcassets"; sourceTree = "<group>"; };
/* End PBXFileReference section */

/* Begin PBXFrameworksBuildPhase section */
		C098BD762C53A242009E9E01 /* Frameworks */ = {
			isa = PBXFrameworksBuildPhase;
			buildActionMask = 2147483647;
			files = (
				C02AB00C2C64EC76009AD868 /* Pawns in Frameworks */,
				C07ABA442C6399C3008B1B6D /* Pawns in Frameworks */,
				C0703D572CF46F9300A992AA /* Pawns in Frameworks */,
				C098BD8C2C53A28E009E9E01 /* Pawns in Frameworks */,
			);
			runOnlyForDeploymentPostprocessing = 0;
		};
/* End PBXFrameworksBuildPhase section */

/* Begin PBXGroup section */
		C098BD702C53A242009E9E01 = {
			isa = PBXGroup;
			children = (
				C098BD7B2C53A242009E9E01 /* ios-pawns-sdk-demo */,
				C098BD7A2C53A242009E9E01 /* Products */,
			);
			sourceTree = "<group>";
		};
		C098BD7A2C53A242009E9E01 /* Products */ = {
			isa = PBXGroup;
			children = (
				C098BD792C53A242009E9E01 /* ios-pawns-sdk-demo.app */,
			);
			name = Products;
			sourceTree = "<group>";
		};
		C098BD7B2C53A242009E9E01 /* ios-pawns-sdk-demo */ = {
			isa = PBXGroup;
			children = (
				C098BD7C2C53A242009E9E01 /* App.swift */,
				C098BD7E2C53A242009E9E01 /* ContentView.swift */,
				C098BD802C53A243009E9E01 /* Assets.xcassets */,
				C098BD822C53A243009E9E01 /* Preview Content */,
			);
			path = "ios-pawns-sdk-demo";
			sourceTree = "<group>";
		};
		C098BD822C53A243009E9E01 /* Preview Content */ = {
			isa = PBXGroup;
			children = (
				C098BD832C53A243009E9E01 /* Preview Assets.xcassets */,
			);
			path = "Preview Content";
			sourceTree = "<group>";
		};
/* End PBXGroup section */

/* Begin PBXNativeTarget section */
		C098BD782C53A242009E9E01 /* ios-pawns-sdk-demo */ = {
			isa = PBXNativeTarget;
			buildConfigurationList = C098BD872C53A243009E9E01 /* Build configuration list for PBXNativeTarget "ios-pawns-sdk-demo" */;
			buildPhases = (
				C098BD752C53A242009E9E01 /* Sources */,
				C098BD762C53A242009E9E01 /* Frameworks */,
				C098BD772C53A242009E9E01 /* Resources */,
			);
			buildRules = (
			);
			dependencies = (
			);
			name = "ios-pawns-sdk-demo";
			packageProductDependencies = (
				C098BD8B2C53A28E009E9E01 /* Pawns */,
				C07ABA432C6399C3008B1B6D /* Pawns */,
				C02AB00B2C64EC76009AD868 /* Pawns */,
				C0703D562CF46F9300A992AA /* Pawns */,
			);
			productName = "ios-pawns-sdk-demo";
			productReference = C098BD792C53A242009E9E01 /* ios-pawns-sdk-demo.app */;
			productType = "com.apple.product-type.application";
		};
/* End PBXNativeTarget section */

/* Begin PBXProject section */
		C098BD712C53A242009E9E01 /* Project object */ = {
			isa = PBXProject;
			attributes = {
				BuildIndependentTargetsInParallel = 1;
				LastSwiftUpdateCheck = 1540;
				LastUpgradeCheck = 1540;
				TargetAttributes = {
					C098BD782C53A242009E9E01 = {
						CreatedOnToolsVersion = 15.4;
					};
				};
			};
			buildConfigurationList = C098BD742C53A242009E9E01 /* Build configuration list for PBXProject "ios-pawns-sdk-demo" */;
			compatibilityVersion = "Xcode 14.0";
			developmentRegion = en;
			hasScannedForEncodings = 0;
			knownRegions = (
				en,
				Base,
			);
			mainGroup = C098BD702C53A242009E9E01;
			packageReferences = (
				C0703D552CF46F9300A992AA /* XCLocalSwiftPackageReference "../ios-pawns-sdk" */,
			);
			productRefGroup = C098BD7A2C53A242009E9E01 /* Products */;
			projectDirPath = "";
			projectRoot = "";
			targets = (
				C098BD782C53A242009E9E01 /* ios-pawns-sdk-demo */,
			);
		};
/* End PBXProject section */

/* Begin PBXResourcesBuildPhase section */
		C098BD772C53A242009E9E01 /* Resources */ = {
			isa = PBXResourcesBuildPhase;
			buildActionMask = 2147483647;
			files = (
				C098BD842C53A243009E9E01 /* Preview Assets.xcassets in Resources */,
				C098BD812C53A243009E9E01 /* Assets.xcassets in Resources */,
			);
			runOnlyForDeploymentPostprocessing = 0;
		};
/* End PBXResourcesBuildPhase section */

/* Begin PBXSourcesBuildPhase section */
		C098BD752C53A242009E9E01 /* Sources */ = {
			isa = PBXSourcesBuildPhase;
			buildActionMask = 2147483647;
			files = (
				C098BD7F2C53A242009E9E01 /* ContentView.swift in Sources */,
				C098BD7D2C53A242009E9E01 /* App.swift in Sources */,
			);
			runOnlyForDeploymentPostprocessing = 0;
		};
/* End PBXSourcesBuildPhase section */

/* Begin XCBuildConfiguration section */
		C098BD852C53A243009E9E01 /* Debug */ = {
			isa = XCBuildConfiguration;
			buildSettings = {
				ALWAYS_SEARCH_USER_PATHS = NO;
				ASSETCATALOG_COMPILER_GENERATE_SWIFT_ASSET_SYMBOL_EXTENSIONS = YES;
				CLANG_ANALYZER_NONNULL = YES;
				CLANG_ANALYZER_NUMBER_OBJECT_CONVERSION = YES_AGGRESSIVE;
				CLANG_CXX_LANGUAGE_STANDARD = "gnu++20";
				CLANG_ENABLE_MODULES = YES;
				CLANG_ENABLE_OBJC_ARC = YES;
				CLANG_ENABLE_OBJC_WEAK = YES;
				CLANG_WARN_BLOCK_CAPTURE_AUTORELEASING = YES;
				CLANG_WARN_BOOL_CONVERSION = YES;
				CLANG_WARN_COMMA = YES;
				CLANG_WARN_CONSTANT_CONVERSION = YES;
				CLANG_WARN_DEPRECATED_OBJC_IMPLEMENTATIONS = YES;
				CLANG_WARN_DIRECT_OBJC_ISA_USAGE = YES_ERROR;
				CLANG_WARN_DOCUMENTATION_COMMENTS = YES;
				CLANG_WARN_EMPTY_BODY = YES;
				CLANG_WARN_ENUM_CONVERSION = YES;
				CLANG_WARN_INFINITE_RECURSION = YES;
				CLANG_WARN_INT_CONVERSION = YES;
				CLANG_WARN_NON_LITERAL_NULL_CONVERSION = YES;
				CLANG_WARN_OBJC_IMPLICIT_RETAIN_SELF = YES;
				CLANG_WARN_OBJC_LITERAL_CONVERSION = YES;
				CLANG_WARN_OBJC_ROOT_CLASS = YES_ERROR;
				CLANG_WARN_QUOTED_INCLUDE_IN_FRAMEWORK_HEADER = YES;
				CLANG_WARN_RANGE_LOOP_ANALYSIS = YES;
				CLANG_WARN_STRICT_PROTOTYPES = YES;
				CLANG_WARN_SUSPICIOUS_MOVE = YES;
				CLANG_WARN_UNGUARDED_AVAILABILITY = YES_AGGRESSIVE;
				CLANG_WARN_UNREACHABLE_CODE = YES;
				CLANG_WARN__DUPLICATE_METHOD_MATCH = YES;
				COPY_PHASE_STRIP = NO;
				DEBUG_INFORMATION_FORMAT = dwarf;
				ENABLE_STRICT_OBJC_MSGSEND = YES;
				ENABLE_TESTABILITY = YES;
				ENABLE_USER_SCRIPT_SANDBOXING = YES;
				GCC_C_LANGUAGE_STANDARD = gnu17;
				GCC_DYNAMIC_NO_PIC = NO;
				GCC_NO_COMMON_BLOCKS = YES;
				GCC_OPTIMIZATION_LEVEL = 0;
				GCC_PREPROCESSOR_DEFINITIONS = (
					"DEBUG=1",
					"$(inherited)",
				);
				GCC_WARN_64_TO_32_BIT_CONVERSION = YES;
				GCC_WARN_ABOUT_RETURN_TYPE = YES_ERROR;
				GCC_WARN_UNDECLARED_SELECTOR = YES;
				GCC_WARN_UNINITIALIZED_AUTOS = YES_AGGRESSIVE;
				GCC_WARN_UNUSED_FUNCTION = YES;
				GCC_WARN_UNUSED_VARIABLE = YES;
				IPHONEOS_DEPLOYMENT_TARGET = 17.5;
				LOCALIZATION_PREFERS_STRING_CATALOGS = YES;
				MTL_ENABLE_DEBUG_INFO = INCLUDE_SOURCE;
				MTL_FAST_MATH = YES;
				ONLY_ACTIVE_ARCH = YES;
				SDKROOT = iphoneos;
				SWIFT_ACTIVE_COMPILATION_CONDITIONS = "DEBUG $(inherited)";
				SWIFT_OPTIMIZATION_LEVEL = "-Onone";
			};
			name = Debug;
		};
		C098BD862C53A243009E9E01 /* Release */ = {
			isa = XCBuildConfiguration;
			buildSettings = {
				ALWAYS_SEARCH_USER_PATHS = NO;
				ASSETCATALOG_COMPILER_GENERATE_SWIFT_ASSET_SYMBOL_EXTENSIONS = YES;
				CLANG_ANALYZER_NONNULL = YES;
				CLANG_ANALYZER_NUMBER_OBJECT_CONVERSION = YES_AGGRESSIVE;
				CLANG_CXX_LANGUAGE_STANDARD = "gnu++20";
				CLANG_ENABLE_MODULES = YES;
				CLANG_ENABLE_OBJC_ARC = YES;
				CLANG_ENABLE_OBJC_WEAK = YES;
				CLANG_WARN_BLOCK_CAPTURE_AUTORELEASING = YES;
				CLANG_WARN_BOOL_CONVERSION = YES;
				CLANG_WARN_COMMA = YES;
				CLANG_WARN_CONSTANT_CONVERSION = YES;
				CLANG_WARN_DEPRECATED_OBJC_IMPLEMENTATIONS = YES;
				CLANG_WARN_DIRECT_OBJC_ISA_USAGE = YES_ERROR;
				CLANG_WARN_DOCUMENTATION_COMMENTS = YES;
				CLANG_WARN_EMPTY_BODY = YES;
				CLANG_WARN_ENUM_CONVERSION = YES;
				CLANG_WARN_INFINITE_RECURSION = YES;
				CLANG_WARN_INT_CONVERSION = YES;
				CLANG_WARN_NON_LITERAL_NULL_CONVERSION = YES;
				CLANG_WARN_OBJC_IMPLICIT_RETAIN_SELF = YES;
				CLANG_WARN_OBJC_LITERAL_CONVERSION = YES;
				CLANG_WARN_OBJC_ROOT_CLASS = YES_ERROR;
				CLANG_WARN_QUOTED_INCLUDE_IN_FRAMEWORK_HEADER = YES;
				CLANG_WARN_RANGE_LOOP_ANALYSIS = YES;
				CLANG_WARN_STRICT_PROTOTYPES = YES;
				CLANG_WARN_SUSPICIOUS_MOVE = YES;
				CLANG_WARN_UNGUARDED_AVAILABILITY = YES_AGGRESSIVE;
				CLANG_WARN_UNREACHABLE_CODE = YES;
				CLANG_WARN__DUPLICATE_METHOD_MATCH = YES;
				COPY_PHASE_STRIP = NO;
				DEBUG_INFORMATION_FORMAT = "dwarf-with-dsym";
				ENABLE_NS_ASSERTIONS = NO;
				ENABLE_STRICT_OBJC_MSGSEND = YES;
				ENABLE_USER_SCRIPT_SANDBOXING = YES;
				GCC_C_LANGUAGE_STANDARD = gnu17;
				GCC_NO_COMMON_BLOCKS = YES;
				GCC_WARN_64_TO_32_BIT_CONVERSION = YES;
				GCC_WARN_ABOUT_RETURN_TYPE = YES_ERROR;
				GCC_WARN_UNDECLARED_SELECTOR = YES;
				GCC_WARN_UNINITIALIZED_AUTOS = YES_AGGRESSIVE;
				GCC_WARN_UNUSED_FUNCTION = YES;
				GCC_WARN_UNUSED_VARIABLE = YES;
				IPHONEOS_DEPLOYMENT_TARGET = 17.5;
				LOCALIZATION_PREFERS_STRING_CATALOGS = YES;
				MTL_ENABLE_DEBUG_INFO = NO;
				MTL_FAST_MATH = YES;
				SDKROOT = iphoneos;
				SWIFT_COMPILATION_MODE = wholemodule;
				VALIDATE_PRODUCT = YES;
			};
			name = Release;
		};
		C098BD882C53A243009E9E01 /* Debug */ = {
			isa = XCBuildConfiguration;
			buildSettings = {
				ASSETCATALOG_COMPILER_APPICON_NAME = AppIcon;
				ASSETCATALOG_COMPILER_GLOBAL_ACCENT_COLOR_NAME = AccentColor;
				CODE_SIGN_STYLE = Automatic;
				CURRENT_PROJECT_VERSION = 1;
				DEVELOPMENT_ASSET_PATHS = "\"ios-pawns-sdk-demo/Preview Content\"";
				DEVELOPMENT_TEAM = 4LG5X25B4Z;
				ENABLE_PREVIEWS = YES;
				GENERATE_INFOPLIST_FILE = YES;
				INFOPLIST_KEY_UIApplicationSceneManifest_Generation = YES;
				INFOPLIST_KEY_UIApplicationSupportsIndirectInputEvents = YES;
				INFOPLIST_KEY_UILaunchScreen_Generation = YES;
				INFOPLIST_KEY_UISupportedInterfaceOrientations_iPad = "UIInterfaceOrientationPortrait UIInterfaceOrientationPortraitUpsideDown UIInterfaceOrientationLandscapeLeft UIInterfaceOrientationLandscapeRight";
				INFOPLIST_KEY_UISupportedInterfaceOrientations_iPhone = "UIInterfaceOrientationPortrait UIInterfaceOrientationLandscapeLeft UIInterfaceOrientationLandscapeRight";
				IPHONEOS_DEPLOYMENT_TARGET = 16.0;
				LD_RUNPATH_SEARCH_PATHS = (
					"$(inherited)",
					"@executable_path/Frameworks",
				);
				MARKETING_VERSION = 1.0;
				PRODUCT_BUNDLE_IDENTIFIER = "com.pawns.app.ios-pawns-sdk-demo";
				PRODUCT_NAME = "$(TARGET_NAME)";
				SUPPORTED_PLATFORMS = "iphoneos iphonesimulator";
				SUPPORTS_MACCATALYST = NO;
				SUPPORTS_MAC_DESIGNED_FOR_IPHONE_IPAD = NO;
				SUPPORTS_XR_DESIGNED_FOR_IPHONE_IPAD = NO;
				SWIFT_EMIT_LOC_STRINGS = YES;
				SWIFT_VERSION = 5.0;
				TARGETED_DEVICE_FAMILY = 1;
			};
			name = Debug;
		};
		C098BD892C53A243009E9E01 /* Release */ = {
			isa = XCBuildConfiguration;
			buildSettings = {
				ASSETCATALOG_COMPILER_APPICON_NAME = AppIcon;
				ASSETCATALOG_COMPILER_GLOBAL_ACCENT_COLOR_NAME = AccentColor;
				CODE_SIGN_STYLE = Automatic;
				CURRENT_PROJECT_VERSION = 1;
				DEVELOPMENT_ASSET_PATHS = "\"ios-pawns-sdk-demo/Preview Content\"";
				DEVELOPMENT_TEAM = 4LG5X25B4Z;
				ENABLE_PREVIEWS = YES;
				GENERATE_INFOPLIST_FILE = YES;
				INFOPLIST_KEY_UIApplicationSceneManifest_Generation = YES;
				INFOPLIST_KEY_UIApplicationSupportsIndirectInputEvents = YES;
				INFOPLIST_KEY_UILaunchScreen_Generation = YES;
				INFOPLIST_KEY_UISupportedInterfaceOrientations_iPad = "UIInterfaceOrientationPortrait UIInterfaceOrientationPortraitUpsideDown UIInterfaceOrientationLandscapeLeft UIInterfaceOrientationLandscapeRight";
				INFOPLIST_KEY_UISupportedInterfaceOrientations_iPhone = "UIInterfaceOrientationPortrait UIInterfaceOrientationLandscapeLeft UIInterfaceOrientationLandscapeRight";
				IPHONEOS_DEPLOYMENT_TARGET = 16.0;
				LD_RUNPATH_SEARCH_PATHS = (
					"$(inherited)",
					"@executable_path/Frameworks",
				);
				MARKETING_VERSION = 1.0;
				PRODUCT_BUNDLE_IDENTIFIER = "com.pawns.app.ios-pawns-sdk-demo";
				PRODUCT_NAME = "$(TARGET_NAME)";
				SUPPORTED_PLATFORMS = "iphoneos iphonesimulator";
				SUPPORTS_MACCATALYST = NO;
				SUPPORTS_MAC_DESIGNED_FOR_IPHONE_IPAD = NO;
				SUPPORTS_XR_DESIGNED_FOR_IPHONE_IPAD = NO;
				SWIFT_EMIT_LOC_STRINGS = YES;
				SWIFT_VERSION = 5.0;
				TARGETED_DEVICE_FAMILY = 1;
			};
			name = Release;
		};
/* End XCBuildConfiguration section */

/* Begin XCConfigurationList section */
		C098BD742C53A242009E9E01 /* Build configuration list for PBXProject "ios-pawns-sdk-demo" */ = {
			isa = XCConfigurationList;
			buildConfigurations = (
				C098BD852C53A243009E9E01 /* Debug */,
				C098BD862C53A243009E9E01 /* Release */,
			);
			defaultConfigurationIsVisible = 0;
			defaultConfigurationName = Release;
		};
		C098BD872C53A243009E9E01 /* Build configuration list for PBXNativeTarget "ios-pawns-sdk-demo" */ = {
			isa = XCConfigurationList;
			buildConfigurations = (
				C098BD882C53A243009E9E01 /* Debug */,
				C098BD892C53A243009E9E01 /* Release */,
			);
			defaultConfigurationIsVisible = 0;
			defaultConfigurationName = Release;
		};
/* End XCConfigurationList section */

/* Begin XCLocalSwiftPackageReference section */
		C0703D552CF46F9300A992AA /* XCLocalSwiftPackageReference "../ios-pawns-sdk" */ = {
			isa = XCLocalSwiftPackageReference;
			relativePath = "../ios-pawns-sdk";
		};
/* End XCLocalSwiftPackageReference section */

/* Begin XCSwiftPackageProductDependency section */
		C02AB00B2C64EC76009AD868 /* Pawns */ = {
			isa = XCSwiftPackageProductDependency;
			productName = Pawns;
		};
		C0703D562CF46F9300A992AA /* Pawns */ = {
			isa = XCSwiftPackageProductDependency;
			productName = Pawns;
		};
		C07ABA432C6399C3008B1B6D /* Pawns */ = {
			isa = XCSwiftPackageProductDependency;
			productName = Pawns;
		};
		C098BD8B2C53A28E009E9E01 /* Pawns */ = {
			isa = XCSwiftPackageProductDependency;
			productName = Pawns;
		};
/* End XCSwiftPackageProductDependency section */
	};
	rootObject = C098BD712C53A242009E9E01 /* Project object */;
}
